// !$*UTF8*$!
{
	archiveVersion = 1;
	classes = {
	};
	objectVersion = 46;
	objects = {

/* Begin PBXBuildFile section */
		13BE3DEE1AC21097009241FE /* CodePush.m in Sources */ = {isa = PBXBuildFile; fileRef = 13BE3DED1AC21097009241FE /* CodePush.m */; };
		1B23B9141BF9267B000BB2F0 /* RCTConvert+CodePushInstallMode.m in Sources */ = {isa = PBXBuildFile; fileRef = 1B23B9131BF9267B000BB2F0 /* RCTConvert+CodePushInstallMode.m */; };
		1B762E901C9A5E9A006EF800 /* CodePushErrorUtils.m in Sources */ = {isa = PBXBuildFile; fileRef = 1B762E8F1C9A5E9A006EF800 /* CodePushErrorUtils.m */; };
		1BCC09A71CC19EB700DDC0DD /* RCTConvert+CodePushUpdateState.m in Sources */ = {isa = PBXBuildFile; fileRef = 1BCC09A61CC19EB700DDC0DD /* RCTConvert+CodePushUpdateState.m */; };
		540D20121C7684FE00D6EF41 /* CodePushUpdateUtils.m in Sources */ = {isa = PBXBuildFile; fileRef = 540D20111C7684FE00D6EF41 /* CodePushUpdateUtils.m */; };
		5421FE311C58AD5A00986A55 /* CodePushTelemetryManager.m in Sources */ = {isa = PBXBuildFile; fileRef = 5421FE301C58AD5A00986A55 /* CodePushTelemetryManager.m */; };
		5498D8F61D21F14100B5EB43 /* CodePushUtils.m in Sources */ = {isa = PBXBuildFile; fileRef = 5498D8F51D21F14100B5EB43 /* CodePushUtils.m */; };
		54FFEDE01BF550630061DD23 /* CodePushDownloadHandler.m in Sources */ = {isa = PBXBuildFile; fileRef = 54FFEDDF1BF550630061DD23 /* CodePushDownloadHandler.m */; };
		810D4E6D1B96935000B397E9 /* CodePushPackage.m in Sources */ = {isa = PBXBuildFile; fileRef = 810D4E6C1B96935000B397E9 /* CodePushPackage.m */; };
		81D51F3A1B6181C2000DA084 /* CodePushConfig.m in Sources */ = {isa = PBXBuildFile; fileRef = 81D51F391B6181C2000DA084 /* CodePushConfig.m */; };
		8482F84C1E24C58300F793DB /* CodePush.h in CopyFiles */ = {isa = PBXBuildFile; fileRef = 13BE3DEC1AC21097009241FE /* CodePush.h */; };
		8482F84E1E24C66300F793DB /* CodePush.h in Headers */ = {isa = PBXBuildFile; fileRef = 13BE3DEC1AC21097009241FE /* CodePush.h */; };
		FC711EB91EE0417A0083A072 /* aes.h in Headers */ = {isa = PBXBuildFile; fileRef = FC711E971EE0417A0083A072 /* aes.h */; };
		FC711EBA1EE0417A0083A072 /* aes_via_ace.h in Headers */ = {isa = PBXBuildFile; fileRef = FC711E981EE0417A0083A072 /* aes_via_ace.h */; };
		FC711EBB1EE0417A0083A072 /* aescrypt.c in Sources */ = {isa = PBXBuildFile; fileRef = FC711E991EE0417A0083A072 /* aescrypt.c */; };
		FC711EBC1EE0417A0083A072 /* aeskey.c in Sources */ = {isa = PBXBuildFile; fileRef = FC711E9A1EE0417A0083A072 /* aeskey.c */; };
		FC711EBD1EE0417A0083A072 /* aesopt.h in Headers */ = {isa = PBXBuildFile; fileRef = FC711E9B1EE0417A0083A072 /* aesopt.h */; };
		FC711EBE1EE0417A0083A072 /* aestab.c in Sources */ = {isa = PBXBuildFile; fileRef = FC711E9C1EE0417A0083A072 /* aestab.c */; };
		FC711EBF1EE0417A0083A072 /* aestab.h in Headers */ = {isa = PBXBuildFile; fileRef = FC711E9D1EE0417A0083A072 /* aestab.h */; };
		FC711EC01EE0417A0083A072 /* brg_endian.h in Headers */ = {isa = PBXBuildFile; fileRef = FC711E9E1EE0417A0083A072 /* brg_endian.h */; };
		FC711EC11EE0417A0083A072 /* brg_types.h in Headers */ = {isa = PBXBuildFile; fileRef = FC711E9F1EE0417A0083A072 /* brg_types.h */; };
		FC711EC21EE0417A0083A072 /* entropy.c in Sources */ = {isa = PBXBuildFile; fileRef = FC711EA01EE0417A0083A072 /* entropy.c */; };
		FC711EC31EE0417A0083A072 /* entropy.h in Headers */ = {isa = PBXBuildFile; fileRef = FC711EA11EE0417A0083A072 /* entropy.h */; };
		FC711EC41EE0417A0083A072 /* fileenc.c in Sources */ = {isa = PBXBuildFile; fileRef = FC711EA21EE0417A0083A072 /* fileenc.c */; };
		FC711EC51EE0417A0083A072 /* fileenc.h in Headers */ = {isa = PBXBuildFile; fileRef = FC711EA31EE0417A0083A072 /* fileenc.h */; };
		FC711EC61EE0417A0083A072 /* hmac.c in Sources */ = {isa = PBXBuildFile; fileRef = FC711EA41EE0417A0083A072 /* hmac.c */; };
		FC711EC71EE0417A0083A072 /* hmac.h in Headers */ = {isa = PBXBuildFile; fileRef = FC711EA51EE0417A0083A072 /* hmac.h */; };
		FC711EC81EE0417A0083A072 /* prng.c in Sources */ = {isa = PBXBuildFile; fileRef = FC711EA61EE0417A0083A072 /* prng.c */; };
		FC711EC91EE0417A0083A072 /* prng.h in Headers */ = {isa = PBXBuildFile; fileRef = FC711EA71EE0417A0083A072 /* prng.h */; };
		FC711ECA1EE0417A0083A072 /* pwd2key.c in Sources */ = {isa = PBXBuildFile; fileRef = FC711EA81EE0417A0083A072 /* pwd2key.c */; };
		FC711ECB1EE0417A0083A072 /* pwd2key.h in Headers */ = {isa = PBXBuildFile; fileRef = FC711EA91EE0417A0083A072 /* pwd2key.h */; };
		FC711ECC1EE0417A0083A072 /* sha1.c in Sources */ = {isa = PBXBuildFile; fileRef = FC711EAA1EE0417A0083A072 /* sha1.c */; };
		FC711ECD1EE0417A0083A072 /* sha1.h in Headers */ = {isa = PBXBuildFile; fileRef = FC711EAB1EE0417A0083A072 /* sha1.h */; };
		FC711ECE1EE0417A0083A072 /* crypt.h in Headers */ = {isa = PBXBuildFile; fileRef = FC711EAD1EE0417A0083A072 /* crypt.h */; };
		FC711ECF1EE0417A0083A072 /* ioapi.c in Sources */ = {isa = PBXBuildFile; fileRef = FC711EAE1EE0417A0083A072 /* ioapi.c */; };
		FC711ED01EE0417A0083A072 /* ioapi.h in Headers */ = {isa = PBXBuildFile; fileRef = FC711EAF1EE0417A0083A072 /* ioapi.h */; };
		FC711ED11EE0417A0083A072 /* mztools.c in Sources */ = {isa = PBXBuildFile; fileRef = FC711EB01EE0417A0083A072 /* mztools.c */; };
		FC711ED21EE0417A0083A072 /* mztools.h in Headers */ = {isa = PBXBuildFile; fileRef = FC711EB11EE0417A0083A072 /* mztools.h */; };
		FC711ED31EE0417A0083A072 /* unzipycl.c in Sources */ = {isa = PBXBuildFile; fileRef = FC711EB21EE0417A0083A072 /* unzipycl.c */; };
		FC711ED41EE0417A0083A072 /* unzipycl.h in Headers */ = {isa = PBXBuildFile; fileRef = FC711EB31EE0417A0083A072 /* unzipycl.h */; };
		FC711ED51EE0417A0083A072 /* zipycl.c in Sources */ = {isa = PBXBuildFile; fileRef = FC711EB41EE0417A0083A072 /* zipycl.c */; };
		FC711ED61EE0417A0083A072 /* zipycl.h in Headers */ = {isa = PBXBuildFile; fileRef = FC711EB51EE0417A0083A072 /* zipycl.h */; };
		FC711ED71EE0417A0083A072 /* SSZipArchive.h in Headers */ = {isa = PBXBuildFile; fileRef = FC711EB61EE0417A0083A072 /* SSZipArchive.h */; };
		FC711ED81EE0417A0083A072 /* SSZipArchive.m in Sources */ = {isa = PBXBuildFile; fileRef = FC711EB71EE0417A0083A072 /* SSZipArchive.m */; };
		FC711ED91EE0417A0083A072 /* SSZipCommon.h in Headers */ = {isa = PBXBuildFile; fileRef = FC711EB81EE0417A0083A072 /* SSZipCommon.h */; };
/* End PBXBuildFile section */

/* Begin PBXCopyFilesBuildPhase section */
		58B511D91A9E6C8500147676 /* CopyFiles */ = {
			isa = PBXCopyFilesBuildPhase;
			buildActionMask = 2147483647;
			dstPath = include/CodePush;
			dstSubfolderSpec = 16;
			files = (
				8482F84C1E24C58300F793DB /* CodePush.h in CopyFiles */,
			);
			runOnlyForDeploymentPostprocessing = 0;
		};
/* End PBXCopyFilesBuildPhase section */

/* Begin PBXFileReference section */
		134814201AA4EA6300B7C361 /* libCodePush.a */ = {isa = PBXFileReference; explicitFileType = archive.ar; includeInIndex = 0; path = libCodePush.a; sourceTree = BUILT_PRODUCTS_DIR; };
		13BE3DEC1AC21097009241FE /* CodePush.h */ = {isa = PBXFileReference; fileEncoding = 4; lastKnownFileType = sourcecode.c.h; name = CodePush.h; path = CodePush/CodePush.h; sourceTree = "<group>"; };
		13BE3DED1AC21097009241FE /* CodePush.m */ = {isa = PBXFileReference; fileEncoding = 4; lastKnownFileType = sourcecode.c.objc; name = CodePush.m; path = CodePush/CodePush.m; sourceTree = "<group>"; };
		1B23B9131BF9267B000BB2F0 /* RCTConvert+CodePushInstallMode.m */ = {isa = PBXFileReference; fileEncoding = 4; lastKnownFileType = sourcecode.c.objc; name = "RCTConvert+CodePushInstallMode.m"; path = "CodePush/RCTConvert+CodePushInstallMode.m"; sourceTree = "<group>"; };
		1B762E8F1C9A5E9A006EF800 /* CodePushErrorUtils.m */ = {isa = PBXFileReference; fileEncoding = 4; lastKnownFileType = sourcecode.c.objc; name = CodePushErrorUtils.m; path = CodePush/CodePushErrorUtils.m; sourceTree = "<group>"; };
		1BCC09A61CC19EB700DDC0DD /* RCTConvert+CodePushUpdateState.m */ = {isa = PBXFileReference; fileEncoding = 4; lastKnownFileType = sourcecode.c.objc; name = "RCTConvert+CodePushUpdateState.m"; path = "CodePush/RCTConvert+CodePushUpdateState.m"; sourceTree = "<group>"; };
		540D20111C7684FE00D6EF41 /* CodePushUpdateUtils.m */ = {isa = PBXFileReference; fileEncoding = 4; lastKnownFileType = sourcecode.c.objc; name = CodePushUpdateUtils.m; path = CodePush/CodePushUpdateUtils.m; sourceTree = "<group>"; };
		5421FE301C58AD5A00986A55 /* CodePushTelemetryManager.m */ = {isa = PBXFileReference; fileEncoding = 4; lastKnownFileType = sourcecode.c.objc; name = CodePushTelemetryManager.m; path = CodePush/CodePushTelemetryManager.m; sourceTree = "<group>"; };
		5498D8F51D21F14100B5EB43 /* CodePushUtils.m */ = {isa = PBXFileReference; fileEncoding = 4; lastKnownFileType = sourcecode.c.objc; name = CodePushUtils.m; path = CodePush/CodePushUtils.m; sourceTree = "<group>"; };
		54FFEDDF1BF550630061DD23 /* CodePushDownloadHandler.m */ = {isa = PBXFileReference; fileEncoding = 4; lastKnownFileType = sourcecode.c.objc; name = CodePushDownloadHandler.m; path = CodePush/CodePushDownloadHandler.m; sourceTree = "<group>"; };
		810D4E6C1B96935000B397E9 /* CodePushPackage.m */ = {isa = PBXFileReference; fileEncoding = 4; lastKnownFileType = sourcecode.c.objc; name = CodePushPackage.m; path = CodePush/CodePushPackage.m; sourceTree = "<group>"; };
		81D51F391B6181C2000DA084 /* CodePushConfig.m */ = {isa = PBXFileReference; fileEncoding = 4; lastKnownFileType = sourcecode.c.objc; name = CodePushConfig.m; path = CodePush/CodePushConfig.m; sourceTree = "<group>"; };
		FC711E971EE0417A0083A072 /* aes.h */ = {isa = PBXFileReference; fileEncoding = 4; lastKnownFileType = sourcecode.c.h; path = aes.h; sourceTree = "<group>"; };
		FC711E981EE0417A0083A072 /* aes_via_ace.h */ = {isa = PBXFileReference; fileEncoding = 4; lastKnownFileType = sourcecode.c.h; path = aes_via_ace.h; sourceTree = "<group>"; };
		FC711E991EE0417A0083A072 /* aescrypt.c */ = {isa = PBXFileReference; fileEncoding = 4; lastKnownFileType = sourcecode.c.c; path = aescrypt.c; sourceTree = "<group>"; };
		FC711E9A1EE0417A0083A072 /* aeskey.c */ = {isa = PBXFileReference; fileEncoding = 4; lastKnownFileType = sourcecode.c.c; path = aeskey.c; sourceTree = "<group>"; };
		FC711E9B1EE0417A0083A072 /* aesopt.h */ = {isa = PBXFileReference; fileEncoding = 4; lastKnownFileType = sourcecode.c.h; path = aesopt.h; sourceTree = "<group>"; };
		FC711E9C1EE0417A0083A072 /* aestab.c */ = {isa = PBXFileReference; fileEncoding = 4; lastKnownFileType = sourcecode.c.c; path = aestab.c; sourceTree = "<group>"; };
		FC711E9D1EE0417A0083A072 /* aestab.h */ = {isa = PBXFileReference; fileEncoding = 4; lastKnownFileType = sourcecode.c.h; path = aestab.h; sourceTree = "<group>"; };
		FC711E9E1EE0417A0083A072 /* brg_endian.h */ = {isa = PBXFileReference; fileEncoding = 4; lastKnownFileType = sourcecode.c.h; path = brg_endian.h; sourceTree = "<group>"; };
		FC711E9F1EE0417A0083A072 /* brg_types.h */ = {isa = PBXFileReference; fileEncoding = 4; lastKnownFileType = sourcecode.c.h; path = brg_types.h; sourceTree = "<group>"; };
		FC711EA01EE0417A0083A072 /* entropy.c */ = {isa = PBXFileReference; fileEncoding = 4; lastKnownFileType = sourcecode.c.c; path = entropy.c; sourceTree = "<group>"; };
		FC711EA11EE0417A0083A072 /* entropy.h */ = {isa = PBXFileReference; fileEncoding = 4; lastKnownFileType = sourcecode.c.h; path = entropy.h; sourceTree = "<group>"; };
		FC711EA21EE0417A0083A072 /* fileenc.c */ = {isa = PBXFileReference; fileEncoding = 4; lastKnownFileType = sourcecode.c.c; path = fileenc.c; sourceTree = "<group>"; };
		FC711EA31EE0417A0083A072 /* fileenc.h */ = {isa = PBXFileReference; fileEncoding = 4; lastKnownFileType = sourcecode.c.h; path = fileenc.h; sourceTree = "<group>"; };
		FC711EA41EE0417A0083A072 /* hmac.c */ = {isa = PBXFileReference; fileEncoding = 4; lastKnownFileType = sourcecode.c.c; path = hmac.c; sourceTree = "<group>"; };
		FC711EA51EE0417A0083A072 /* hmac.h */ = {isa = PBXFileReference; fileEncoding = 4; lastKnownFileType = sourcecode.c.h; path = hmac.h; sourceTree = "<group>"; };
		FC711EA61EE0417A0083A072 /* prng.c */ = {isa = PBXFileReference; fileEncoding = 4; lastKnownFileType = sourcecode.c.c; path = prng.c; sourceTree = "<group>"; };
		FC711EA71EE0417A0083A072 /* prng.h */ = {isa = PBXFileReference; fileEncoding = 4; lastKnownFileType = sourcecode.c.h; path = prng.h; sourceTree = "<group>"; };
		FC711EA81EE0417A0083A072 /* pwd2key.c */ = {isa = PBXFileReference; fileEncoding = 4; lastKnownFileType = sourcecode.c.c; path = pwd2key.c; sourceTree = "<group>"; };
		FC711EA91EE0417A0083A072 /* pwd2key.h */ = {isa = PBXFileReference; fileEncoding = 4; lastKnownFileType = sourcecode.c.h; path = pwd2key.h; sourceTree = "<group>"; };
		FC711EAA1EE0417A0083A072 /* sha1.c */ = {isa = PBXFileReference; fileEncoding = 4; lastKnownFileType = sourcecode.c.c; path = sha1.c; sourceTree = "<group>"; };
		FC711EAB1EE0417A0083A072 /* sha1.h */ = {isa = PBXFileReference; fileEncoding = 4; lastKnownFileType = sourcecode.c.h; path = sha1.h; sourceTree = "<group>"; };
		FC711EAD1EE0417A0083A072 /* crypt.h */ = {isa = PBXFileReference; fileEncoding = 4; lastKnownFileType = sourcecode.c.h; path = crypt.h; sourceTree = "<group>"; };
		FC711EAE1EE0417A0083A072 /* ioapi.c */ = {isa = PBXFileReference; fileEncoding = 4; lastKnownFileType = sourcecode.c.c; path = ioapi.c; sourceTree = "<group>"; };
		FC711EAF1EE0417A0083A072 /* ioapi.h */ = {isa = PBXFileReference; fileEncoding = 4; lastKnownFileType = sourcecode.c.h; path = ioapi.h; sourceTree = "<group>"; };
		FC711EB01EE0417A0083A072 /* mztools.c */ = {isa = PBXFileReference; fileEncoding = 4; lastKnownFileType = sourcecode.c.c; path = mztools.c; sourceTree = "<group>"; };
		FC711EB11EE0417A0083A072 /* mztools.h */ = {isa = PBXFileReference; fileEncoding = 4; lastKnownFileType = sourcecode.c.h; path = mztools.h; sourceTree = "<group>"; };
		FC711EB21EE0417A0083A072 /* unzipycl.c */ = {isa = PBXFileReference; fileEncoding = 4; lastKnownFileType = sourcecode.c.c; path = unzipycl.c; sourceTree = "<group>"; };
		FC711EB31EE0417A0083A072 /* unzipycl.h */ = {isa = PBXFileReference; fileEncoding = 4; lastKnownFileType = sourcecode.c.h; path = unzipycl.h; sourceTree = "<group>"; };
		FC711EB41EE0417A0083A072 /* zipycl.c */ = {isa = PBXFileReference; fileEncoding = 4; lastKnownFileType = sourcecode.c.c; path = zipycl.c; sourceTree = "<group>"; };
		FC711EB51EE0417A0083A072 /* zipycl.h */ = {isa = PBXFileReference; fileEncoding = 4; lastKnownFileType = sourcecode.c.h; path = zipycl.h; sourceTree = "<group>"; };
		FC711EB61EE0417A0083A072 /* SSZipArchive.h */ = {isa = PBXFileReference; fileEncoding = 4; lastKnownFileType = sourcecode.c.h; path = SSZipArchive.h; sourceTree = "<group>"; };
		FC711EB71EE0417A0083A072 /* SSZipArchive.m */ = {isa = PBXFileReference; fileEncoding = 4; lastKnownFileType = sourcecode.c.objc; path = SSZipArchive.m; sourceTree = "<group>"; };
		FC711EB81EE0417A0083A072 /* SSZipCommon.h */ = {isa = PBXFileReference; fileEncoding = 4; lastKnownFileType = sourcecode.c.h; path = SSZipCommon.h; sourceTree = "<group>"; };
/* End PBXFileReference section */

/* Begin PBXFrameworksBuildPhase section */
		58B511D81A9E6C8500147676 /* Frameworks */ = {
			isa = PBXFrameworksBuildPhase;
			buildActionMask = 2147483647;
			files = (
			);
			runOnlyForDeploymentPostprocessing = 0;
		};
/* End PBXFrameworksBuildPhase section */

/* Begin PBXGroup section */
		134814211AA4EA7D00B7C361 /* Products */ = {
			isa = PBXGroup;
			children = (
				134814201AA4EA6300B7C361 /* libCodePush.a */,
			);
			name = Products;
			sourceTree = "<group>";
		};
		58B511D21A9E6C8500147676 = {
			isa = PBXGroup;
			children = (
				FC711E951EE0417A0083A072 /* SSZipArchive */,
				5498D8F51D21F14100B5EB43 /* CodePushUtils.m */,
				13BE3DEC1AC21097009241FE /* CodePush.h */,
				13BE3DED1AC21097009241FE /* CodePush.m */,
				81D51F391B6181C2000DA084 /* CodePushConfig.m */,
				54FFEDDF1BF550630061DD23 /* CodePushDownloadHandler.m */,
				1B762E8F1C9A5E9A006EF800 /* CodePushErrorUtils.m */,
				810D4E6C1B96935000B397E9 /* CodePushPackage.m */,
				5421FE301C58AD5A00986A55 /* CodePushTelemetryManager.m */,
				540D20111C7684FE00D6EF41 /* CodePushUpdateUtils.m */,
				1B23B9131BF9267B000BB2F0 /* RCTConvert+CodePushInstallMode.m */,
				1BCC09A61CC19EB700DDC0DD /* RCTConvert+CodePushUpdateState.m */,
				134814211AA4EA7D00B7C361 /* Products */,
			);
			sourceTree = "<group>";
		};
		FC711E951EE0417A0083A072 /* SSZipArchive */ = {
			isa = PBXGroup;
			children = (
				FC711E961EE0417A0083A072 /* aes */,
				FC711EAC1EE0417A0083A072 /* minizip */,
				FC711EB61EE0417A0083A072 /* SSZipArchive.h */,
				FC711EB71EE0417A0083A072 /* SSZipArchive.m */,
				FC711EB81EE0417A0083A072 /* SSZipCommon.h */,
			);
			path = SSZipArchive;
			sourceTree = "<group>";
		};
		FC711E961EE0417A0083A072 /* aes */ = {
			isa = PBXGroup;
			children = (
				FC711E971EE0417A0083A072 /* aes.h */,
				FC711E981EE0417A0083A072 /* aes_via_ace.h */,
				FC711E991EE0417A0083A072 /* aescrypt.c */,
				FC711E9A1EE0417A0083A072 /* aeskey.c */,
				FC711E9B1EE0417A0083A072 /* aesopt.h */,
				FC711E9C1EE0417A0083A072 /* aestab.c */,
				FC711E9D1EE0417A0083A072 /* aestab.h */,
				FC711E9E1EE0417A0083A072 /* brg_endian.h */,
				FC711E9F1EE0417A0083A072 /* brg_types.h */,
				FC711EA01EE0417A0083A072 /* entropy.c */,
				FC711EA11EE0417A0083A072 /* entropy.h */,
				FC711EA21EE0417A0083A072 /* fileenc.c */,
				FC711EA31EE0417A0083A072 /* fileenc.h */,
				FC711EA41EE0417A0083A072 /* hmac.c */,
				FC711EA51EE0417A0083A072 /* hmac.h */,
				FC711EA61EE0417A0083A072 /* prng.c */,
				FC711EA71EE0417A0083A072 /* prng.h */,
				FC711EA81EE0417A0083A072 /* pwd2key.c */,
				FC711EA91EE0417A0083A072 /* pwd2key.h */,
				FC711EAA1EE0417A0083A072 /* sha1.c */,
				FC711EAB1EE0417A0083A072 /* sha1.h */,
			);
			path = aes;
			sourceTree = "<group>";
		};
		FC711EAC1EE0417A0083A072 /* minizip */ = {
			isa = PBXGroup;
			children = (
				FC711EAD1EE0417A0083A072 /* crypt.h */,
				FC711EAE1EE0417A0083A072 /* ioapi.c */,
				FC711EAF1EE0417A0083A072 /* ioapi.h */,
				FC711EB01EE0417A0083A072 /* mztools.c */,
				FC711EB11EE0417A0083A072 /* mztools.h */,
				FC711EB21EE0417A0083A072 /* unzipycl.c */,
				FC711EB31EE0417A0083A072 /* unzipycl.h */,
				FC711EB41EE0417A0083A072 /* zipycl.c */,
				FC711EB51EE0417A0083A072 /* zipycl.h */,
			);
			path = minizip;
			sourceTree = "<group>";
		};
/* End PBXGroup section */

/* Begin PBXHeadersBuildPhase section */
		8482F84D1E24C65E00F793DB /* Headers */ = {
			isa = PBXHeadersBuildPhase;
			buildActionMask = 2147483647;
			files = (
				FC711ECD1EE0417A0083A072 /* sha1.h in Headers */,
				FC711EC31EE0417A0083A072 /* entropy.h in Headers */,
				FC711ECB1EE0417A0083A072 /* pwd2key.h in Headers */,
				FC711EB91EE0417A0083A072 /* aes.h in Headers */,
				FC711EBF1EE0417A0083A072 /* aestab.h in Headers */,
				FC711ED91EE0417A0083A072 /* SSZipCommon.h in Headers */,
				FC711ECE1EE0417A0083A072 /* crypt.h in Headers */,
				FC711EC51EE0417A0083A072 /* fileenc.h in Headers */,
				FC711ED71EE0417A0083A072 /* SSZipArchive.h in Headers */,
				FC711ED21EE0417A0083A072 /* mztools.h in Headers */,
				FC711EBA1EE0417A0083A072 /* aes_via_ace.h in Headers */,
				FC711ED61EE0417A0083A072 /* zipycl.h in Headers */,
				FC711EC91EE0417A0083A072 /* prng.h in Headers */,
				FC711ED01EE0417A0083A072 /* ioapi.h in Headers */,
				FC711EC71EE0417A0083A072 /* hmac.h in Headers */,
				FC711EBD1EE0417A0083A072 /* aesopt.h in Headers */,
				8482F84E1E24C66300F793DB /* CodePush.h in Headers */,
				FC711ED41EE0417A0083A072 /* unzipycl.h in Headers */,
				FC711EC11EE0417A0083A072 /* brg_types.h in Headers */,
				FC711EC01EE0417A0083A072 /* brg_endian.h in Headers */,
			);
			runOnlyForDeploymentPostprocessing = 0;
		};
/* End PBXHeadersBuildPhase section */

/* Begin PBXNativeTarget section */
		58B511DA1A9E6C8500147676 /* CodePush */ = {
			isa = PBXNativeTarget;
			buildConfigurationList = 58B511EF1A9E6C8500147676 /* Build configuration list for PBXNativeTarget "CodePush" */;
			buildPhases = (
				58B511D71A9E6C8500147676 /* Sources */,
				58B511D81A9E6C8500147676 /* Frameworks */,
				58B511D91A9E6C8500147676 /* CopyFiles */,
				8482F84D1E24C65E00F793DB /* Headers */,
			);
			buildRules = (
			);
			dependencies = (
			);
			name = CodePush;
			productName = RCTDataManager;
			productReference = 134814201AA4EA6300B7C361 /* libCodePush.a */;
			productType = "com.apple.product-type.library.static";
		};
/* End PBXNativeTarget section */

/* Begin PBXProject section */
		58B511D31A9E6C8500147676 /* Project object */ = {
			isa = PBXProject;
			attributes = {
				LastUpgradeCheck = 0610;
				ORGANIZATIONNAME = Microsoft;
				TargetAttributes = {
					58B511DA1A9E6C8500147676 = {
						CreatedOnToolsVersion = 6.1.1;
					};
				};
			};
			buildConfigurationList = 58B511D61A9E6C8500147676 /* Build configuration list for PBXProject "CodePush" */;
			compatibilityVersion = "Xcode 3.2";
			developmentRegion = English;
			hasScannedForEncodings = 0;
			knownRegions = (
				en,
			);
			mainGroup = 58B511D21A9E6C8500147676;
			productRefGroup = 58B511D21A9E6C8500147676;
			projectDirPath = "";
			projectRoot = "";
			targets = (
				58B511DA1A9E6C8500147676 /* CodePush */,
			);
		};
/* End PBXProject section */

/* Begin PBXSourcesBuildPhase section */
		58B511D71A9E6C8500147676 /* Sources */ = {
			isa = PBXSourcesBuildPhase;
			buildActionMask = 2147483647;
			files = (
				FC711EC61EE0417A0083A072 /* hmac.c in Sources */,
				540D20121C7684FE00D6EF41 /* CodePushUpdateUtils.m in Sources */,
				1BCC09A71CC19EB700DDC0DD /* RCTConvert+CodePushUpdateState.m in Sources */,
				FC711EBE1EE0417A0083A072 /* aestab.c in Sources */,
				FC711EC41EE0417A0083A072 /* fileenc.c in Sources */,
				1B23B9141BF9267B000BB2F0 /* RCTConvert+CodePushInstallMode.m in Sources */,
				FC711EBC1EE0417A0083A072 /* aeskey.c in Sources */,
				FC711EC81EE0417A0083A072 /* prng.c in Sources */,
				81D51F3A1B6181C2000DA084 /* CodePushConfig.m in Sources */,
				FC711EBB1EE0417A0083A072 /* aescrypt.c in Sources */,
				FC711ED51EE0417A0083A072 /* zipycl.c in Sources */,
				54FFEDE01BF550630061DD23 /* CodePushDownloadHandler.m in Sources */,
				FC711ED11EE0417A0083A072 /* mztools.c in Sources */,
				5421FE311C58AD5A00986A55 /* CodePushTelemetryManager.m in Sources */,
				FC711ED31EE0417A0083A072 /* unzipycl.c in Sources */,
				FC711ECC1EE0417A0083A072 /* sha1.c in Sources */,
				13BE3DEE1AC21097009241FE /* CodePush.m in Sources */,
				FC711ECF1EE0417A0083A072 /* ioapi.c in Sources */,
				1B762E901C9A5E9A006EF800 /* CodePushErrorUtils.m in Sources */,
				5498D8F61D21F14100B5EB43 /* CodePushUtils.m in Sources */,
				FC711ED81EE0417A0083A072 /* SSZipArchive.m in Sources */,
				810D4E6D1B96935000B397E9 /* CodePushPackage.m in Sources */,
				FC711ECA1EE0417A0083A072 /* pwd2key.c in Sources */,
				FC711EC21EE0417A0083A072 /* entropy.c in Sources */,
			);
			runOnlyForDeploymentPostprocessing = 0;
		};
/* End PBXSourcesBuildPhase section */

/* Begin XCBuildConfiguration section */
		58B511ED1A9E6C8500147676 /* Debug */ = {
			isa = XCBuildConfiguration;
			buildSettings = {
				ALWAYS_SEARCH_USER_PATHS = NO;
				CLANG_CXX_LANGUAGE_STANDARD = "gnu++0x";
				CLANG_CXX_LIBRARY = "libc++";
				CLANG_ENABLE_MODULES = YES;
				CLANG_ENABLE_OBJC_ARC = YES;
				CLANG_WARN_BOOL_CONVERSION = YES;
				CLANG_WARN_CONSTANT_CONVERSION = YES;
				CLANG_WARN_DIRECT_OBJC_ISA_USAGE = YES_ERROR;
				CLANG_WARN_EMPTY_BODY = YES;
				CLANG_WARN_ENUM_CONVERSION = YES;
				CLANG_WARN_INT_CONVERSION = YES;
				CLANG_WARN_OBJC_ROOT_CLASS = YES_ERROR;
				CLANG_WARN_UNREACHABLE_CODE = YES;
				CLANG_WARN__DUPLICATE_METHOD_MATCH = YES;
				COPY_PHASE_STRIP = NO;
				ENABLE_STRICT_OBJC_MSGSEND = YES;
				GCC_C_LANGUAGE_STANDARD = gnu99;
				GCC_DYNAMIC_NO_PIC = NO;
				GCC_OPTIMIZATION_LEVEL = 0;
				GCC_PREPROCESSOR_DEFINITIONS = (
					"DEBUG=1",
					"$(inherited)",
				);
				GCC_SYMBOLS_PRIVATE_EXTERN = NO;
				GCC_WARN_64_TO_32_BIT_CONVERSION = YES;
				GCC_WARN_ABOUT_RETURN_TYPE = YES_ERROR;
				GCC_WARN_UNDECLARED_SELECTOR = YES;
				GCC_WARN_UNINITIALIZED_AUTOS = YES_AGGRESSIVE;
				GCC_WARN_UNUSED_FUNCTION = YES;
				GCC_WARN_UNUSED_VARIABLE = YES;
				IPHONEOS_DEPLOYMENT_TARGET = 7.0;
				MTL_ENABLE_DEBUG_INFO = YES;
				ONLY_ACTIVE_ARCH = YES;
				SDKROOT = iphoneos;
			};
			name = Debug;
		};
		58B511EE1A9E6C8500147676 /* Release */ = {
			isa = XCBuildConfiguration;
			buildSettings = {
				ALWAYS_SEARCH_USER_PATHS = NO;
				CLANG_CXX_LANGUAGE_STANDARD = "gnu++0x";
				CLANG_CXX_LIBRARY = "libc++";
				CLANG_ENABLE_MODULES = YES;
				CLANG_ENABLE_OBJC_ARC = YES;
				CLANG_WARN_BOOL_CONVERSION = YES;
				CLANG_WARN_CONSTANT_CONVERSION = YES;
				CLANG_WARN_DIRECT_OBJC_ISA_USAGE = YES_ERROR;
				CLANG_WARN_EMPTY_BODY = YES;
				CLANG_WARN_ENUM_CONVERSION = YES;
				CLANG_WARN_INT_CONVERSION = YES;
				CLANG_WARN_OBJC_ROOT_CLASS = YES_ERROR;
				CLANG_WARN_UNREACHABLE_CODE = YES;
				CLANG_WARN__DUPLICATE_METHOD_MATCH = YES;
				COPY_PHASE_STRIP = YES;
				ENABLE_NS_ASSERTIONS = NO;
				ENABLE_STRICT_OBJC_MSGSEND = YES;
				GCC_C_LANGUAGE_STANDARD = gnu99;
				GCC_WARN_64_TO_32_BIT_CONVERSION = YES;
				GCC_WARN_ABOUT_RETURN_TYPE = YES_ERROR;
				GCC_WARN_UNDECLARED_SELECTOR = YES;
				GCC_WARN_UNINITIALIZED_AUTOS = YES_AGGRESSIVE;
				GCC_WARN_UNUSED_FUNCTION = YES;
				GCC_WARN_UNUSED_VARIABLE = YES;
				IPHONEOS_DEPLOYMENT_TARGET = 7.0;
				MTL_ENABLE_DEBUG_INFO = NO;
				SDKROOT = iphoneos;
				VALIDATE_PRODUCT = YES;
			};
			name = Release;
		};
		58B511F01A9E6C8500147676 /* Debug */ = {
			isa = XCBuildConfiguration;
			buildSettings = {
				HEADER_SEARCH_PATHS = (
					"$(inherited)",
					/Applications/Xcode.app/Contents/Developer/Toolchains/XcodeDefault.xctoolchain/usr/include,
					"$(SRCROOT)/../../react-native/React/**",
				);
				LIBRARY_SEARCH_PATHS = "$(inherited)";
				OTHER_LDFLAGS = (
					"-ObjC",
					"-lz",
				);
				PRODUCT_NAME = CodePush;
				SKIP_INSTALL = YES;
			};
			name = Debug;
		};
		58B511F11A9E6C8500147676 /* Release */ = {
			isa = XCBuildConfiguration;
			buildSettings = {
				HEADER_SEARCH_PATHS = (
					"$(inherited)",
					/Applications/Xcode.app/Contents/Developer/Toolchains/XcodeDefault.xctoolchain/usr/include,
					"$(SRCROOT)/../../react-native/React/**",
				);
				LIBRARY_SEARCH_PATHS = "$(inherited)";
				OTHER_LDFLAGS = (
					"-ObjC",
					"-lz",
				);
				PRODUCT_NAME = CodePush;
				SKIP_INSTALL = YES;
			};
			name = Release;
		};
/* End XCBuildConfiguration section */

/* Begin XCConfigurationList section */
		58B511D61A9E6C8500147676 /* Build configuration list for PBXProject "CodePush" */ = {
			isa = XCConfigurationList;
			buildConfigurations = (
				58B511ED1A9E6C8500147676 /* Debug */,
				58B511EE1A9E6C8500147676 /* Release */,
			);
			defaultConfigurationIsVisible = 0;
			defaultConfigurationName = Release;
		};
		58B511EF1A9E6C8500147676 /* Build configuration list for PBXNativeTarget "CodePush" */ = {
			isa = XCConfigurationList;
			buildConfigurations = (
				58B511F01A9E6C8500147676 /* Debug */,
				58B511F11A9E6C8500147676 /* Release */,
			);
			defaultConfigurationIsVisible = 0;
			defaultConfigurationName = Release;
		};
/* End XCConfigurationList section */
	};
	rootObject = 58B511D31A9E6C8500147676 /* Project object */;
}
